
Microsoft Visual Studio Solution File, Format Version 12.00
# Visual Studio 15
VisualStudioVersion = 15.0.26730.16
MinimumVisualStudioVersion = 10.0.40219.1
Project("{FAE04EC0-301F-11D3-BF4B-00C04F79EFBC}") = "Ceaser", "Ceaser\Ceaser.csproj", "{1863CCDC-99C1-475E-B2ED-EF502CA500A4}"
EndProject
Project("{FAE04EC0-301F-11D3-BF4B-00C04F79EFBC}") = "OldCiphers", "OldCiphers\OldCiphers.csproj", "{30614940-B0F1-4DAA-A2F0-64C75F41D38C}"
EndProject
Project("{FAE04EC0-301F-11D3-BF4B-00C04F79EFBC}") = "ADFGVX", "ADFGVX\ADFGVX.csproj", "{853B3C48-E878-4D94-89A9-3DC5FE072234}"
EndProject
Global
	GlobalSection(SolutionConfigurationPlatforms) = preSolution
		Debug|Any CPU = Debug|Any CPU
		Release|Any CPU = Release|Any CPU
	EndGlobalSection
	GlobalSection(ProjectConfigurationPlatforms) = postSolution
		{1863CCDC-99C1-475E-B2ED-EF502CA500A4}.Debug|Any CPU.ActiveCfg = Debug|Any CPU
		{1863CCDC-99C1-475E-B2ED-EF502CA500A4}.Debug|Any CPU.Build.0 = Debug|Any CPU
		{1863CCDC-99C1-475E-B2ED-EF502CA500A4}.Release|Any CPU.ActiveCfg = Release|Any CPU
		{1863CCDC-99C1-475E-B2ED-EF502CA500A4}.Release|Any CPU.Build.0 = Release|Any CPU
		{30614940-B0F1-4DAA-A2F0-64C75F41D38C}.Debug|Any CPU.ActiveCfg = Debug|Any CPU
		{30614940-B0F1-4DAA-A2F0-64C75F41D38C}.Debug|Any CPU.Build.0 = Debug|Any CPU
		{30614940-B0F1-4DAA-A2F0-64C75F41D38C}.Release|Any CPU.ActiveCfg = Release|Any CPU
		{30614940-B0F1-4DAA-A2F0-64C75F41D38C}.Release|Any CPU.Build.0 = Release|Any CPU
		{853B3C48-E878-4D94-89A9-3DC5FE072234}.Debug|Any CPU.ActiveCfg = Debug|Any CPU
		{853B3C48-E878-4D94-89A9-3DC5FE072234}.Debug|Any CPU.Build.0 = Debug|Any CPU
		{853B3C48-E878-4D94-89A9-3DC5FE072234}.Release|Any CPU.ActiveCfg = Release|Any CPU
		{853B3C48-E878-4D94-89A9-3DC5FE072234}.Release|Any CPU.Build.0 = Release|Any CPU
	EndGlobalSection
	GlobalSection(SolutionProperties) = preSolution
		HideSolutionNode = FALSE
	EndGlobalSection
	GlobalSection(ExtensibilityGlobals) = postSolution
		SolutionGuid = {5BF76578-BCCD-42E4-A668-26D72338EAB6}
	EndGlobalSection
EndGlobal
